// !$*UTF8*$!
{
	archiveVersion = 1;
	classes = {
	};
	objectVersion = 56;
	objects = {

/* Begin PBXBuildFile section */
		1E3529922BBCDDAF001A5564 /* MPMasterViewController.m in Sources */ = {isa = PBXBuildFile; fileRef = 1E3529902BBCDDAF001A5564 /* MPMasterViewController.m */; };
		1E3529932BBCDDAF001A5564 /* MPMasterViewController.xib in Resources */ = {isa = PBXBuildFile; fileRef = 1E3529912BBCDDAF001A5564 /* MPMasterViewController.xib */; };
		1E3529942BBCEB08001A5564 /* LaunchScreen.storyboard in Resources */ = {isa = PBXBuildFile; fileRef = 1E88B0172BBBA450006122B5 /* LaunchScreen.storyboard */; };
		1E3700ED2BD89780007A39B6 /* MemoData.m in Sources */ = {isa = PBXBuildFile; fileRef = 1E3700EC2BD89780007A39B6 /* MemoData.m */; };
		1E3700F22BD89947007A39B6 /* libsqlite3.tbd in Frameworks */ = {isa = PBXBuildFile; fileRef = 1E3700F12BD89947007A39B6 /* libsqlite3.tbd */; };
		1E3700F62BD8C918007A39B6 /* MPDetailViewController.xib in Resources */ = {isa = PBXBuildFile; fileRef = 1E3700F52BD8C918007A39B6 /* MPDetailViewController.xib */; };
		1E3700F72BD8C918007A39B6 /* MPDetailViewController.m in Sources */ = {isa = PBXBuildFile; fileRef = 1E3700F42BD8C918007A39B6 /* MPDetailViewController.m */; };
		1E88B00B2BBBA44F006122B5 /* AppDelegate.m in Sources */ = {isa = PBXBuildFile; fileRef = 1E88B00A2BBBA44F006122B5 /* AppDelegate.m */; };
		1E88B00E2BBBA44F006122B5 /* SceneDelegate.m in Sources */ = {isa = PBXBuildFile; fileRef = 1E88B00D2BBBA44F006122B5 /* SceneDelegate.m */; };
		1E88B0112BBBA44F006122B5 /* ViewController.m in Sources */ = {isa = PBXBuildFile; fileRef = 1E88B0102BBBA44F006122B5 /* ViewController.m */; };
		1E88B0162BBBA450006122B5 /* Assets.xcassets in Resources */ = {isa = PBXBuildFile; fileRef = 1E88B0152BBBA450006122B5 /* Assets.xcassets */; };
		1E88B0192BBBA450006122B5 /* Base in Resources */ = {isa = PBXBuildFile; fileRef = 1E88B0182BBBA450006122B5 /* Base */; };
		1E88B01C2BBBA450006122B5 /* main.m in Sources */ = {isa = PBXBuildFile; fileRef = 1E88B01B2BBBA450006122B5 /* main.m */; };
		1EE606882BE9CA9100B53D8F /* MPWriteViewController.m in Sources */ = {isa = PBXBuildFile; fileRef = 1EE606862BE9CA9100B53D8F /* MPWriteViewController.m */; };
		1EE606892BE9CA9100B53D8F /* MPWriteViewController.xib in Resources */ = {isa = PBXBuildFile; fileRef = 1EE606872BE9CA9100B53D8F /* MPWriteViewController.xib */; };
		1EE606922BEA0DC200B53D8F /* MPEditViewController.m in Sources */ = {isa = PBXBuildFile; fileRef = 1EE606902BEA0DC200B53D8F /* MPEditViewController.m */; };
		1EE606932BEA0DC200B53D8F /* MPEditViewController.xib in Resources */ = {isa = PBXBuildFile; fileRef = 1EE606912BEA0DC200B53D8F /* MPEditViewController.xib */; };
		1EE606952BEB122E00B53D8F /* Memopad.db in Resources */ = {isa = PBXBuildFile; fileRef = 1EE606942BEB122E00B53D8F /* Memopad.db */; };
		1EF56ADA2C047811009D06D2 /* WebViewController.m in Sources */ = {isa = PBXBuildFile; fileRef = 1EF56AD82C047811009D06D2 /* WebViewController.m */; };
		1EF56ADB2C047811009D06D2 /* WebViewController.xib in Resources */ = {isa = PBXBuildFile; fileRef = 1EF56AD92C047811009D06D2 /* WebViewController.xib */; };
/* End PBXBuildFile section */

/* Begin PBXFileReference section */
		1E35298F2BBCDDAF001A5564 /* MPMasterViewController.h */ = {isa = PBXFileReference; lastKnownFileType = sourcecode.c.h; path = MPMasterViewController.h; sourceTree = "<group>"; };
		1E3529902BBCDDAF001A5564 /* MPMasterViewController.m */ = {isa = PBXFileReference; lastKnownFileType = sourcecode.c.objc; path = MPMasterViewController.m; sourceTree = "<group>"; };
		1E3529912BBCDDAF001A5564 /* MPMasterViewController.xib */ = {isa = PBXFileReference; lastKnownFileType = file.xib; path = MPMasterViewController.xib; sourceTree = "<group>"; };
		1E3700EB2BD89780007A39B6 /* MemoData.h */ = {isa = PBXFileReference; lastKnownFileType = sourcecode.c.h; path = MemoData.h; sourceTree = "<group>"; };
		1E3700EC2BD89780007A39B6 /* MemoData.m */ = {isa = PBXFileReference; lastKnownFileType = sourcecode.c.objc; path = MemoData.m; sourceTree = "<group>"; };
		1E3700F12BD89947007A39B6 /* libsqlite3.tbd */ = {isa = PBXFileReference; lastKnownFileType = "sourcecode.text-based-dylib-definition"; name = libsqlite3.tbd; path = usr/lib/libsqlite3.tbd; sourceTree = SDKROOT; };
		1E3700F32BD8C918007A39B6 /* MPDetailViewController.h */ = {isa = PBXFileReference; lastKnownFileType = sourcecode.c.h; name = MPDetailViewController.h; path = ../MPDetailViewController.h; sourceTree = "<group>"; };
		1E3700F42BD8C918007A39B6 /* MPDetailViewController.m */ = {isa = PBXFileReference; lastKnownFileType = sourcecode.c.objc; name = MPDetailViewController.m; path = ../MPDetailViewController.m; sourceTree = "<group>"; };
		1E3700F52BD8C918007A39B6 /* MPDetailViewController.xib */ = {isa = PBXFileReference; lastKnownFileType = file.xib; name = MPDetailViewController.xib; path = ../MPDetailViewController.xib; sourceTree = "<group>"; };
		1E88B0062BBBA44F006122B5 /* MemoPad1.app */ = {isa = PBXFileReference; explicitFileType = wrapper.application; includeInIndex = 0; path = MemoPad1.app; sourceTree = BUILT_PRODUCTS_DIR; };
		1E88B0092BBBA44F006122B5 /* AppDelegate.h */ = {isa = PBXFileReference; lastKnownFileType = sourcecode.c.h; path = AppDelegate.h; sourceTree = "<group>"; };
		1E88B00A2BBBA44F006122B5 /* AppDelegate.m */ = {isa = PBXFileReference; lastKnownFileType = sourcecode.c.objc; path = AppDelegate.m; sourceTree = "<group>"; };
		1E88B00C2BBBA44F006122B5 /* SceneDelegate.h */ = {isa = PBXFileReference; lastKnownFileType = sourcecode.c.h; path = SceneDelegate.h; sourceTree = "<group>"; };
		1E88B00D2BBBA44F006122B5 /* SceneDelegate.m */ = {isa = PBXFileReference; lastKnownFileType = sourcecode.c.objc; path = SceneDelegate.m; sourceTree = "<group>"; };
		1E88B00F2BBBA44F006122B5 /* ViewController.h */ = {isa = PBXFileReference; lastKnownFileType = sourcecode.c.h; path = ViewController.h; sourceTree = "<group>"; };
		1E88B0102BBBA44F006122B5 /* ViewController.m */ = {isa = PBXFileReference; lastKnownFileType = sourcecode.c.objc; path = ViewController.m; sourceTree = "<group>"; };
		1E88B0152BBBA450006122B5 /* Assets.xcassets */ = {isa = PBXFileReference; lastKnownFileType = folder.assetcatalog; path = Assets.xcassets; sourceTree = "<group>"; };
		1E88B0182BBBA450006122B5 /* Base */ = {isa = PBXFileReference; lastKnownFileType = file.storyboard; name = Base; path = Base.lproj/LaunchScreen.storyboard; sourceTree = "<group>"; };
		1E88B01A2BBBA450006122B5 /* Info.plist */ = {isa = PBXFileReference; lastKnownFileType = text.plist.xml; path = Info.plist; sourceTree = "<group>"; };
		1E88B01B2BBBA450006122B5 /* main.m */ = {isa = PBXFileReference; lastKnownFileType = sourcecode.c.objc; path = main.m; sourceTree = "<group>"; };
		1EE606852BE9CA9100B53D8F /* MPWriteViewController.h */ = {isa = PBXFileReference; lastKnownFileType = sourcecode.c.h; path = MPWriteViewController.h; sourceTree = "<group>"; };
		1EE606862BE9CA9100B53D8F /* MPWriteViewController.m */ = {isa = PBXFileReference; lastKnownFileType = sourcecode.c.objc; path = MPWriteViewController.m; sourceTree = "<group>"; };
		1EE606872BE9CA9100B53D8F /* MPWriteViewController.xib */ = {isa = PBXFileReference; lastKnownFileType = file.xib; path = MPWriteViewController.xib; sourceTree = "<group>"; };
		1EE6068F2BEA0DC200B53D8F /* MPEditViewController.h */ = {isa = PBXFileReference; lastKnownFileType = sourcecode.c.h; path = MPEditViewController.h; sourceTree = "<group>"; };
		1EE606902BEA0DC200B53D8F /* MPEditViewController.m */ = {isa = PBXFileReference; lastKnownFileType = sourcecode.c.objc; path = MPEditViewController.m; sourceTree = "<group>"; };
		1EE606912BEA0DC200B53D8F /* MPEditViewController.xib */ = {isa = PBXFileReference; lastKnownFileType = file.xib; path = MPEditViewController.xib; sourceTree = "<group>"; };
		1EE606942BEB122E00B53D8F /* Memopad.db */ = {isa = PBXFileReference; lastKnownFileType = file; name = Memopad.db; path = ../../Memopad.db; sourceTree = "<group>"; };
		1EF56AD72C047811009D06D2 /* WebViewController.h */ = {isa = PBXFileReference; lastKnownFileType = sourcecode.c.h; path = WebViewController.h; sourceTree = "<group>"; };
		1EF56AD82C047811009D06D2 /* WebViewController.m */ = {isa = PBXFileReference; lastKnownFileType = sourcecode.c.objc; path = WebViewController.m; sourceTree = "<group>"; };
		1EF56AD92C047811009D06D2 /* WebViewController.xib */ = {isa = PBXFileReference; lastKnownFileType = file.xib; path = WebViewController.xib; sourceTree = "<group>"; };
/* End PBXFileReference section */

/* Begin PBXFrameworksBuildPhase section */
		1E88B0032BBBA44F006122B5 /* Frameworks */ = {
			isa = PBXFrameworksBuildPhase;
			buildActionMask = 2147483647;
			files = (
				1E3700F22BD89947007A39B6 /* libsqlite3.tbd in Frameworks */,
			);
			runOnlyForDeploymentPostprocessing = 0;
		};
/* End PBXFrameworksBuildPhase section */

/* Begin PBXGroup section */
		1E35299A2BBCEF52001A5564 /* ApplicationSupport */ = {
			isa = PBXGroup;
			children = (
				1EE606942BEB122E00B53D8F /* Memopad.db */,
				1E88B01A2BBBA450006122B5 /* Info.plist */,
				1E88B01B2BBBA450006122B5 /* main.m */,
				1E88B0152BBBA450006122B5 /* Assets.xcassets */,
			);
			name = ApplicationSupport;
			sourceTree = "<group>";
		};
		1E3700F02BD89946007A39B6 /* Frameworks */ = {
			isa = PBXGroup;
			children = (
				1E3700F12BD89947007A39B6 /* libsqlite3.tbd */,
			);
			name = Frameworks;
			sourceTree = "<group>";
		};
		1E88AFFD2BBBA44F006122B5 = {
			isa = PBXGroup;
			children = (
				1E88B0082BBBA44F006122B5 /* MemoPad1 */,
				1E88B0072BBBA44F006122B5 /* Products */,
				1E3700F02BD89946007A39B6 /* Frameworks */,
			);
			sourceTree = "<group>";
		};
		1E88B0072BBBA44F006122B5 /* Products */ = {
			isa = PBXGroup;
			children = (
				1E88B0062BBBA44F006122B5 /* MemoPad1.app */,
			);
			name = Products;
			sourceTree = "<group>";
		};
		1E88B0082BBBA44F006122B5 /* MemoPad1 */ = {
			isa = PBXGroup;
			children = (
				1E88B0172BBBA450006122B5 /* LaunchScreen.storyboard */,
				1E3700EB2BD89780007A39B6 /* MemoData.h */,
				1E3700EC2BD89780007A39B6 /* MemoData.m */,
				1E88B0092BBBA44F006122B5 /* AppDelegate.h */,
				1E88B00A2BBBA44F006122B5 /* AppDelegate.m */,
				1E88B00C2BBBA44F006122B5 /* SceneDelegate.h */,
				1E88B00D2BBBA44F006122B5 /* SceneDelegate.m */,
				1E88B00F2BBBA44F006122B5 /* ViewController.h */,
				1E88B0102BBBA44F006122B5 /* ViewController.m */,
				1E35298F2BBCDDAF001A5564 /* MPMasterViewController.h */,
				1E3529902BBCDDAF001A5564 /* MPMasterViewController.m */,
				1E3529912BBCDDAF001A5564 /* MPMasterViewController.xib */,
				1E3700F32BD8C918007A39B6 /* MPDetailViewController.h */,
				1E3700F42BD8C918007A39B6 /* MPDetailViewController.m */,
				1E3700F52BD8C918007A39B6 /* MPDetailViewController.xib */,
				1EE606852BE9CA9100B53D8F /* MPWriteViewController.h */,
				1EE606862BE9CA9100B53D8F /* MPWriteViewController.m */,
				1EE606872BE9CA9100B53D8F /* MPWriteViewController.xib */,
				1EE6068F2BEA0DC200B53D8F /* MPEditViewController.h */,
				1EE606902BEA0DC200B53D8F /* MPEditViewController.m */,
				1EE606912BEA0DC200B53D8F /* MPEditViewController.xib */,
				1EF56AD72C047811009D06D2 /* WebViewController.h */,
				1EF56AD82C047811009D06D2 /* WebViewController.m */,
				1EF56AD92C047811009D06D2 /* WebViewController.xib */,
				1E35299A2BBCEF52001A5564 /* ApplicationSupport */,
			);
			path = MemoPad1;
			sourceTree = "<group>";
		};
/* End PBXGroup section */

/* Begin PBXNativeTarget section */
		1E88B0052BBBA44F006122B5 /* MemoPad1 */ = {
			isa = PBXNativeTarget;
			buildConfigurationList = 1E88B01F2BBBA450006122B5 /* Build configuration list for PBXNativeTarget "MemoPad1" */;
			buildPhases = (
				1E88B0022BBBA44F006122B5 /* Sources */,
				1E88B0032BBBA44F006122B5 /* Frameworks */,
				1E88B0042BBBA44F006122B5 /* Resources */,
			);
			buildRules = (
			);
			dependencies = (
			);
			name = MemoPad1;
			productName = MemoPad1;
			productReference = 1E88B0062BBBA44F006122B5 /* MemoPad1.app */;
			productType = "com.apple.product-type.application";
		};
/* End PBXNativeTarget section */

/* Begin PBXProject section */
		1E88AFFE2BBBA44F006122B5 /* Project object */ = {
			isa = PBXProject;
			attributes = {
				BuildIndependentTargetsInParallel = 1;
				LastUpgradeCheck = 1530;
				TargetAttributes = {
					1E88B0052BBBA44F006122B5 = {
						CreatedOnToolsVersion = 15.3;
					};
				};
			};
			buildConfigurationList = 1E88B0012BBBA44F006122B5 /* Build configuration list for PBXProject "MemoPad1" */;
			compatibilityVersion = "Xcode 14.0";
			developmentRegion = en;
			hasScannedForEncodings = 0;
			knownRegions = (
				en,
				Base,
			);
			mainGroup = 1E88AFFD2BBBA44F006122B5;
			productRefGroup = 1E88B0072BBBA44F006122B5 /* Products */;
			projectDirPath = "";
			projectRoot = "";
			targets = (
				1E88B0052BBBA44F006122B5 /* MemoPad1 */,
			);
		};
/* End PBXProject section */

/* Begin PBXResourcesBuildPhase section */
		1E88B0042BBBA44F006122B5 /* Resources */ = {
			isa = PBXResourcesBuildPhase;
			buildActionMask = 2147483647;
			files = (
				1E88B0162BBBA450006122B5 /* Assets.xcassets in Resources */,
				1EE606952BEB122E00B53D8F /* Memopad.db in Resources */,
				1EE606892BE9CA9100B53D8F /* MPWriteViewController.xib in Resources */,
				1EF56ADB2C047811009D06D2 /* WebViewController.xib in Resources */,
				1E3700F62BD8C918007A39B6 /* MPDetailViewController.xib in Resources */,
				1EE606932BEA0DC200B53D8F /* MPEditViewController.xib in Resources */,
				1E3529942BBCEB08001A5564 /* LaunchScreen.storyboard in Resources */,
				1E88B0192BBBA450006122B5 /* Base in Resources */,
				1E3529932BBCDDAF001A5564 /* MPMasterViewController.xib in Resources */,
			);
			runOnlyForDeploymentPostprocessing = 0;
		};
/* End PBXResourcesBuildPhase section */

/* Begin PBXSourcesBuildPhase section */
		1E88B0022BBBA44F006122B5 /* Sources */ = {
			isa = PBXSourcesBuildPhase;
			buildActionMask = 2147483647;
			files = (
				1E88B0112BBBA44F006122B5 /* ViewController.m in Sources */,
				1EF56ADA2C047811009D06D2 /* WebViewController.m in Sources */,
				1EE606882BE9CA9100B53D8F /* MPWriteViewController.m in Sources */,
				1EE606922BEA0DC200B53D8F /* MPEditViewController.m in Sources */,
				1E88B00B2BBBA44F006122B5 /* AppDelegate.m in Sources */,
				1E88B01C2BBBA450006122B5 /* main.m in Sources */,
				1E3700ED2BD89780007A39B6 /* MemoData.m in Sources */,
				1E88B00E2BBBA44F006122B5 /* SceneDelegate.m in Sources */,
				1E3529922BBCDDAF001A5564 /* MPMasterViewController.m in Sources */,
				1E3700F72BD8C918007A39B6 /* MPDetailViewController.m in Sources */,
			);
			runOnlyForDeploymentPostprocessing = 0;
		};
/* End PBXSourcesBuildPhase section */

/* Begin PBXVariantGroup section */
		1E88B0172BBBA450006122B5 /* LaunchScreen.storyboard */ = {
			isa = PBXVariantGroup;
			children = (
				1E88B0182BBBA450006122B5 /* Base */,
			);
			name = LaunchScreen.storyboard;
			sourceTree = "<group>";
		};
/* End PBXVariantGroup section */

/* Begin XCBuildConfiguration section */
		1E88B01D2BBBA450006122B5 /* Debug */ = {
			isa = XCBuildConfiguration;
			buildSettings = {
				ALWAYS_SEARCH_USER_PATHS = NO;
				ASSETCATALOG_COMPILER_GENERATE_SWIFT_ASSET_SYMBOL_EXTENSIONS = YES;
				CLANG_ANALYZER_NONNULL = YES;
				CLANG_ANALYZER_NUMBER_OBJECT_CONVERSION = YES_AGGRESSIVE;
				CLANG_CXX_LANGUAGE_STANDARD = "gnu++20";
				CLANG_ENABLE_MODULES = YES;
				CLANG_ENABLE_OBJC_ARC = YES;
				CLANG_ENABLE_OBJC_WEAK = YES;
				CLANG_WARN_BLOCK_CAPTURE_AUTORELEASING = YES;
				CLANG_WARN_BOOL_CONVERSION = YES;
				CLANG_WARN_COMMA = YES;
				CLANG_WARN_CONSTANT_CONVERSION = YES;
				CLANG_WARN_DEPRECATED_OBJC_IMPLEMENTATIONS = YES;
				CLANG_WARN_DIRECT_OBJC_ISA_USAGE = YES_ERROR;
				CLANG_WARN_DOCUMENTATION_COMMENTS = YES;
				CLANG_WARN_EMPTY_BODY = YES;
				CLANG_WARN_ENUM_CONVERSION = YES;
				CLANG_WARN_INFINITE_RECURSION = YES;
				CLANG_WARN_INT_CONVERSION = YES;
				CLANG_WARN_NON_LITERAL_NULL_CONVERSION = YES;
				CLANG_WARN_OBJC_IMPLICIT_RETAIN_SELF = YES;
				CLANG_WARN_OBJC_LITERAL_CONVERSION = YES;
				CLANG_WARN_OBJC_ROOT_CLASS = YES_ERROR;
				CLANG_WARN_QUOTED_INCLUDE_IN_FRAMEWORK_HEADER = YES;
				CLANG_WARN_RANGE_LOOP_ANALYSIS = YES;
				CLANG_WARN_STRICT_PROTOTYPES = YES;
				CLANG_WARN_SUSPICIOUS_MOVE = YES;
				CLANG_WARN_UNGUARDED_AVAILABILITY = YES_AGGRESSIVE;
				CLANG_WARN_UNREACHABLE_CODE = YES;
				CLANG_WARN__DUPLICATE_METHOD_MATCH = YES;
				COPY_PHASE_STRIP = NO;
				DEBUG_INFORMATION_FORMAT = dwarf;
				ENABLE_STRICT_OBJC_MSGSEND = YES;
				ENABLE_TESTABILITY = YES;
				ENABLE_USER_SCRIPT_SANDBOXING = YES;
				GCC_C_LANGUAGE_STANDARD = gnu17;
				GCC_DYNAMIC_NO_PIC = NO;
				GCC_NO_COMMON_BLOCKS = YES;
				GCC_OPTIMIZATION_LEVEL = 0;
				GCC_PREPROCESSOR_DEFINITIONS = (
					"DEBUG=1",
					"$(inherited)",
				);
				GCC_WARN_64_TO_32_BIT_CONVERSION = YES;
				GCC_WARN_ABOUT_RETURN_TYPE = YES_ERROR;
				GCC_WARN_UNDECLARED_SELECTOR = YES;
				GCC_WARN_UNINITIALIZED_AUTOS = YES_AGGRESSIVE;
				GCC_WARN_UNUSED_FUNCTION = YES;
				GCC_WARN_UNUSED_VARIABLE = YES;
				IPHONEOS_DEPLOYMENT_TARGET = 17.4;
				LOCALIZATION_PREFERS_STRING_CATALOGS = YES;
				MTL_ENABLE_DEBUG_INFO = INCLUDE_SOURCE;
				MTL_FAST_MATH = YES;
				ONLY_ACTIVE_ARCH = YES;
				SDKROOT = iphoneos;
			};
			name = Debug;
		};
		1E88B01E2BBBA450006122B5 /* Release */ = {
			isa = XCBuildConfiguration;
			buildSettings = {
				ALWAYS_SEARCH_USER_PATHS = NO;
				ASSETCATALOG_COMPILER_GENERATE_SWIFT_ASSET_SYMBOL_EXTENSIONS = YES;
				CLANG_ANALYZER_NONNULL = YES;
				CLANG_ANALYZER_NUMBER_OBJECT_CONVERSION = YES_AGGRESSIVE;
				CLANG_CXX_LANGUAGE_STANDARD = "gnu++20";
				CLANG_ENABLE_MODULES = YES;
				CLANG_ENABLE_OBJC_ARC = YES;
				CLANG_ENABLE_OBJC_WEAK = YES;
				CLANG_WARN_BLOCK_CAPTURE_AUTORELEASING = YES;
				CLANG_WARN_BOOL_CONVERSION = YES;
				CLANG_WARN_COMMA = YES;
				CLANG_WARN_CONSTANT_CONVERSION = YES;
				CLANG_WARN_DEPRECATED_OBJC_IMPLEMENTATIONS = YES;
				CLANG_WARN_DIRECT_OBJC_ISA_USAGE = YES_ERROR;
				CLANG_WARN_DOCUMENTATION_COMMENTS = YES;
				CLANG_WARN_EMPTY_BODY = YES;
				CLANG_WARN_ENUM_CONVERSION = YES;
				CLANG_WARN_INFINITE_RECURSION = YES;
				CLANG_WARN_INT_CONVERSION = YES;
				CLANG_WARN_NON_LITERAL_NULL_CONVERSION = YES;
				CLANG_WARN_OBJC_IMPLICIT_RETAIN_SELF = YES;
				CLANG_WARN_OBJC_LITERAL_CONVERSION = YES;
				CLANG_WARN_OBJC_ROOT_CLASS = YES_ERROR;
				CLANG_WARN_QUOTED_INCLUDE_IN_FRAMEWORK_HEADER = YES;
				CLANG_WARN_RANGE_LOOP_ANALYSIS = YES;
				CLANG_WARN_STRICT_PROTOTYPES = YES;
				CLANG_WARN_SUSPICIOUS_MOVE = YES;
				CLANG_WARN_UNGUARDED_AVAILABILITY = YES_AGGRESSIVE;
				CLANG_WARN_UNREACHABLE_CODE = YES;
				CLANG_WARN__DUPLICATE_METHOD_MATCH = YES;
				COPY_PHASE_STRIP = NO;
				DEBUG_INFORMATION_FORMAT = "dwarf-with-dsym";
				ENABLE_NS_ASSERTIONS = NO;
				ENABLE_STRICT_OBJC_MSGSEND = YES;
				ENABLE_USER_SCRIPT_SANDBOXING = YES;
				GCC_C_LANGUAGE_STANDARD = gnu17;
				GCC_NO_COMMON_BLOCKS = YES;
				GCC_WARN_64_TO_32_BIT_CONVERSION = YES;
				GCC_WARN_ABOUT_RETURN_TYPE = YES_ERROR;
				GCC_WARN_UNDECLARED_SELECTOR = YES;
				GCC_WARN_UNINITIALIZED_AUTOS = YES_AGGRESSIVE;
				GCC_WARN_UNUSED_FUNCTION = YES;
				GCC_WARN_UNUSED_VARIABLE = YES;
				IPHONEOS_DEPLOYMENT_TARGET = 17.4;
				LOCALIZATION_PREFERS_STRING_CATALOGS = YES;
				MTL_ENABLE_DEBUG_INFO = NO;
				MTL_FAST_MATH = YES;
				SDKROOT = iphoneos;
				VALIDATE_PRODUCT = YES;
			};
			name = Release;
		};
		1E88B0202BBBA450006122B5 /* Debug */ = {
			isa = XCBuildConfiguration;
			buildSettings = {
				ASSETCATALOG_COMPILER_APPICON_NAME = AppIcon;
				ASSETCATALOG_COMPILER_GLOBAL_ACCENT_COLOR_NAME = AccentColor;
				CODE_SIGN_STYLE = Automatic;
				CURRENT_PROJECT_VERSION = 1;
				DEVELOPMENT_TEAM = J7GWXZ73NT;
				GENERATE_INFOPLIST_FILE = YES;
				INFOPLIST_FILE = MemoPad1/Info.plist;
				INFOPLIST_KEY_UIApplicationSupportsIndirectInputEvents = YES;
				INFOPLIST_KEY_UILaunchStoryboardName = LaunchScreen;
				INFOPLIST_KEY_UISupportedInterfaceOrientations_iPad = "UIInterfaceOrientationPortrait UIInterfaceOrientationPortraitUpsideDown UIInterfaceOrientationLandscapeLeft UIInterfaceOrientationLandscapeRight";
				INFOPLIST_KEY_UISupportedInterfaceOrientations_iPhone = "UIInterfaceOrientationPortrait UIInterfaceOrientationLandscapeLeft UIInterfaceOrientationLandscapeRight";
				IPHONEOS_DEPLOYMENT_TARGET = 12.0;
				LD_RUNPATH_SEARCH_PATHS = (
					"$(inherited)",
					"@executable_path/Frameworks",
				);
				MARKETING_VERSION = 1.0;
				PRODUCT_BUNDLE_IDENTIFIER = kr.co.neighbor21.MemoPad1;
				PRODUCT_NAME = "$(TARGET_NAME)";
				SWIFT_EMIT_LOC_STRINGS = YES;
				TARGETED_DEVICE_FAMILY = "1,2";
			};
			name = Debug;
		};
		1E88B0212BBBA450006122B5 /* Release */ = {
			isa = XCBuildConfiguration;
			buildSettings = {
				ASSETCATALOG_COMPILER_APPICON_NAME = AppIcon;
				ASSETCATALOG_COMPILER_GLOBAL_ACCENT_COLOR_NAME = AccentColor;
				CODE_SIGN_STYLE = Automatic;
				CURRENT_PROJECT_VERSION = 1;
				DEVELOPMENT_TEAM = J7GWXZ73NT;
				GENERATE_INFOPLIST_FILE = YES;
				INFOPLIST_FILE = MemoPad1/Info.plist;
				INFOPLIST_KEY_UIApplicationSupportsIndirectInputEvents = YES;
				INFOPLIST_KEY_UILaunchStoryboardName = LaunchScreen;
				INFOPLIST_KEY_UISupportedInterfaceOrientations_iPad = "UIInterfaceOrientationPortrait UIInterfaceOrientationPortraitUpsideDown UIInterfaceOrientationLandscapeLeft UIInterfaceOrientationLandscapeRight";
				INFOPLIST_KEY_UISupportedInterfaceOrientations_iPhone = "UIInterfaceOrientationPortrait UIInterfaceOrientationLandscapeLeft UIInterfaceOrientationLandscapeRight";
				IPHONEOS_DEPLOYMENT_TARGET = 12.0;
				LD_RUNPATH_SEARCH_PATHS = (
					"$(inherited)",
					"@executable_path/Frameworks",
				);
				MARKETING_VERSION = 1.0;
				PRODUCT_BUNDLE_IDENTIFIER = kr.co.neighbor21.MemoPad1;
				PRODUCT_NAME = "$(TARGET_NAME)";
				SWIFT_EMIT_LOC_STRINGS = YES;
				TARGETED_DEVICE_FAMILY = "1,2";
			};
			name = Release;
		};
/* End XCBuildConfiguration section */

/* Begin XCConfigurationList section */
		1E88B0012BBBA44F006122B5 /* Build configuration list for PBXProject "MemoPad1" */ = {
			isa = XCConfigurationList;
			buildConfigurations = (
				1E88B01D2BBBA450006122B5 /* Debug */,
				1E88B01E2BBBA450006122B5 /* Release */,
			);
			defaultConfigurationIsVisible = 0;
			defaultConfigurationName = Release;
		};
		1E88B01F2BBBA450006122B5 /* Build configuration list for PBXNativeTarget "MemoPad1" */ = {
			isa = XCConfigurationList;
			buildConfigurations = (
				1E88B0202BBBA450006122B5 /* Debug */,
				1E88B0212BBBA450006122B5 /* Release */,
			);
			defaultConfigurationIsVisible = 0;
			defaultConfigurationName = Release;
		};
/* End XCConfigurationList section */
	};
	rootObject = 1E88AFFE2BBBA44F006122B5 /* Project object */;
}
